version: 2
sources:
- url: github.com/pedromvgomes/agentic-toolkit.git
  ref: main
  sha: 573604cd8058b603b36d4ac462acc8f2c4dd3351
- url: github.com/anthropics/skills.git
  ref: main
  sha: 34040c9c568585f6929bedeaad110ad08f079624
config_digest: sha256:1a1ece93876834bd0c4352d70dabfa3ac2a84ef22b18e0a6417e9487f72d5186
